
Microsoft Visual Studio Solution File, Format Version 12.00
# Visual Studio Version 16
VisualStudioVersion = 16.0.30711.63
MinimumVisualStudioVersion = 15.0.26124.0
Project("{9A19103F-16F7-4668-BE54-9A1E7A4F7556}") = "WMBlazorInternationalization", "WMBlazorInternationalization\WMBlazorInternationalization.csproj", "{6EDB194F-7B37-493D-A8D3-1E611B6FFA42}"
EndProject
Project("{9A19103F-16F7-4668-BE54-9A1E7A4F7556}") = "BlazorWasmDemo", "BlazorWasmDemo\BlazorWasmDemo.csproj", "{79744485-BE22-4FFE-B580-3BB13779E1CE}"
EndProject
Project("{9A19103F-16F7-4668-BE54-9A1E7A4F7556}") = "BlazorServerDemo", "BlazorServerDemo\BlazorServerDemo.csproj", "{B5E37471-ECCE-4538-8DE9-160B8418D1DD}"
EndProject
Global
	GlobalSection(SolutionConfigurationPlatforms) = preSolution
		Debug|Any CPU = Debug|Any CPU
		Debug|x64 = Debug|x64
		Debug|x86 = Debug|x86
		Release|Any CPU = Release|Any CPU
		Release|x64 = Release|x64
		Release|x86 = Release|x86
	EndGlobalSection
	GlobalSection(ProjectConfigurationPlatforms) = postSolution
		{6EDB194F-7B37-493D-A8D3-1E611B6FFA42}.Debug|Any CPU.ActiveCfg = Debug|Any CPU
		{6EDB194F-7B37-493D-A8D3-1E611B6FFA42}.Debug|Any CPU.Build.0 = Debug|Any CPU
		{6EDB194F-7B37-493D-A8D3-1E611B6FFA42}.Debug|x64.ActiveCfg = Debug|Any CPU
		{6EDB194F-7B37-493D-A8D3-1E611B6FFA42}.Debug|x64.Build.0 = Debug|Any CPU
		{6EDB194F-7B37-493D-A8D3-1E611B6FFA42}.Debug|x86.ActiveCfg = Debug|Any CPU
		{6EDB194F-7B37-493D-A8D3-1E611B6FFA42}.Debug|x86.Build.0 = Debug|Any CPU
		{6EDB194F-7B37-493D-A8D3-1E611B6FFA42}.Release|Any CPU.ActiveCfg = Release|Any CPU
		{6EDB194F-7B37-493D-A8D3-1E611B6FFA42}.Release|Any CPU.Build.0 = Release|Any CPU
		{6EDB194F-7B37-493D-A8D3-1E611B6FFA42}.Release|x64.ActiveCfg = Release|Any CPU
		{6EDB194F-7B37-493D-A8D3-1E611B6FFA42}.Release|x64.Build.0 = Release|Any CPU
		{6EDB194F-7B37-493D-A8D3-1E611B6FFA42}.Release|x86.ActiveCfg = Release|Any CPU
		{6EDB194F-7B37-493D-A8D3-1E611B6FFA42}.Release|x86.Build.0 = Release|Any CPU
		{79744485-BE22-4FFE-B580-3BB13779E1CE}.Debug|Any CPU.ActiveCfg = Debug|Any CPU
		{79744485-BE22-4FFE-B580-3BB13779E1CE}.Debug|Any CPU.Build.0 = Debug|Any CPU
		{79744485-BE22-4FFE-B580-3BB13779E1CE}.Debug|x64.ActiveCfg = Debug|Any CPU
		{79744485-BE22-4FFE-B580-3BB13779E1CE}.Debug|x64.Build.0 = Debug|Any CPU
		{79744485-BE22-4FFE-B580-3BB13779E1CE}.Debug|x86.ActiveCfg = Debug|Any CPU
		{79744485-BE22-4FFE-B580-3BB13779E1CE}.Debug|x86.Build.0 = Debug|Any CPU
		{79744485-BE22-4FFE-B580-3BB13779E1CE}.Release|Any CPU.ActiveCfg = Release|Any CPU
		{79744485-BE22-4FFE-B580-3BB13779E1CE}.Release|Any CPU.Build.0 = Release|Any CPU
		{79744485-BE22-4FFE-B580-3BB13779E1CE}.Release|x64.ActiveCfg = Release|Any CPU
		{79744485-BE22-4FFE-B580-3BB13779E1CE}.Release|x64.Build.0 = Release|Any CPU
		{79744485-BE22-4FFE-B580-3BB13779E1CE}.Release|x86.ActiveCfg = Release|Any CPU
		{79744485-BE22-4FFE-B580-3BB13779E1CE}.Release|x86.Build.0 = Release|Any CPU
		{B5E37471-ECCE-4538-8DE9-160B8418D1DD}.Debug|Any CPU.ActiveCfg = Debug|Any CPU
		{B5E37471-ECCE-4538-8DE9-160B8418D1DD}.Debug|Any CPU.Build.0 = Debug|Any CPU
		{B5E37471-ECCE-4538-8DE9-160B8418D1DD}.Debug|x64.ActiveCfg = Debug|Any CPU
		{B5E37471-ECCE-4538-8DE9-160B8418D1DD}.Debug|x64.Build.0 = Debug|Any CPU
		{B5E37471-ECCE-4538-8DE9-160B8418D1DD}.Debug|x86.ActiveCfg = Debug|Any CPU
		{B5E37471-ECCE-4538-8DE9-160B8418D1DD}.Debug|x86.Build.0 = Debug|Any CPU
		{B5E37471-ECCE-4538-8DE9-160B8418D1DD}.Release|Any CPU.ActiveCfg = Release|Any CPU
		{B5E37471-ECCE-4538-8DE9-160B8418D1DD}.Release|Any CPU.Build.0 = Release|Any CPU
		{B5E37471-ECCE-4538-8DE9-160B8418D1DD}.Release|x64.ActiveCfg = Release|Any CPU
		{B5E37471-ECCE-4538-8DE9-160B8418D1DD}.Release|x64.Build.0 = Release|Any CPU
		{B5E37471-ECCE-4538-8DE9-160B8418D1DD}.Release|x86.ActiveCfg = Release|Any CPU
		{B5E37471-ECCE-4538-8DE9-160B8418D1DD}.Release|x86.Build.0 = Release|Any CPU
	EndGlobalSection
	GlobalSection(SolutionProperties) = preSolution
		HideSolutionNode = FALSE
	EndGlobalSection
	GlobalSection(ExtensibilityGlobals) = postSolution
		SolutionGuid = {FA2078F8-0844-4373-AA93-2EA73369705C}
	EndGlobalSection
EndGlobal
